# THIS IS AN AUTOGENERATED FILE. DO NOT EDIT THIS FILE DIRECTLY.
# yarn lockfile v1


"@next/env@13.1.5":
  version "13.1.5"
  resolved "https://registry.npmjs.org/@next/env/-/env-13.1.5.tgz"
  integrity sha512-0Ry4NhJy6qLbXhvxPRUQ1H6RzgtryGdUto7hfgAK0Iw/bScgeVjwLZdfhm2iT7qsOS32apo9cWzLCxjc6iGPsA==

"@next/swc-linux-x64-gnu@13.1.5":
  version "13.1.5"
  resolved "https://registry.npmjs.org/@next/swc-linux-x64-gnu/-/swc-linux-x64-gnu-13.1.5.tgz"
  integrity sha512-GftSBFAay2nocGl+KNqFsj6EVSvomaM/bp86hzezbKsTwQmu76PjOCVcejI1gE+4k7f5zPDgCuorF6F04BV0HQ==

"@next/swc-linux-x64-musl@13.1.5":
  version "13.1.5"
  resolved "https://registry.npmjs.org/@next/swc-linux-x64-musl/-/swc-linux-x64-musl-13.1.5.tgz"
  integrity sha512-UD+3lxU4yuAjd+uBkCDfBpAcbGAVfEcE8mX/efIxUGIImmzN0QzgTHYEpKFnY3Lxu02dIBcwQRT3Q5mfO4obng==

"@swc/helpers@0.4.14":
  version "0.4.14"
  resolved "https://registry.npmjs.org/@swc/helpers/-/helpers-0.4.14.tgz"
  integrity sha512-4C7nX/dvpzB7za4Ql9K81xK3HPxCpHMgwTZVyf+9JQ6VUbn9jjZVN7/Nkdz/Ugzs2CSjqnL/UPXroiVBVHUWUw==
  dependencies:
    tslib "^2.4.0"

"@vercel/analytics@^1.0.2":
  version "1.0.2"
  resolved "https://registry.npmjs.org/@vercel/analytics/-/analytics-1.0.2.tgz"
  integrity sha512-BZFxVrv24VbNNl5xMxqUojQIegEeXMI6rX3rg1uVLYUEXsuKNBSAEQf4BWEcjQDp/8aYJOj6m8V4PUA3x/cxgg==

caniuse-lite@^1.0.30001406:
  version "1.0.30001525"
  resolved "https://registry.npmjs.org/caniuse-lite/-/caniuse-lite-1.0.30001525.tgz"
  integrity sha512-/3z+wB4icFt3r0USMwxujAqRvaD/B7rvGTsKhbhSQErVrJvkZCLhgNLJxU8MevahQVH6hCU9FsHdNUFbiwmE7Q==

client-only@0.0.1:
  version "0.0.1"
  resolved "https://registry.npmjs.org/client-only/-/client-only-0.0.1.tgz"
  integrity sha512-IV3Ou0jSMzZrd3pZ48nLkT9DA7Ag1pnPzaiQhpW7c3RbcqqzvzzVu+L8gfqMp/8IM2MQtSiqaCxrrcfu8I8rMA==

emailjs-com@^2.6.4:
  version "2.6.4"
  resolved "https://registry.npmjs.org/emailjs-com/-/emailjs-com-2.6.4.tgz"
  integrity sha512-4G8rxq+1mbL4rGntMa9tqNJ4N9BhuCl8lFJASDHxZVXeC82ivwL6qw+Zu48cAWHpNK2/F3vScaAZk8zoTAfiAA==

"js-tokens@^3.0.0 || ^4.0.0":
  version "4.0.0"
  resolved "https://registry.npmjs.org/js-tokens/-/js-tokens-4.0.0.tgz"
  integrity sha512-RdJUflcE3cUzKiMqQgsCu06FPu9UdIJO0beYbPhHN4k6apgJtifcoCtT9bcxOpYBtpD2kCM6Sbzg4CausW/PKQ==

loose-envify@^1.1.0:
  version "1.4.0"
  resolved "https://registry.npmjs.org/loose-envify/-/loose-envify-1.4.0.tgz"
  integrity sha512-lyuxPGr/Wfhrlem2CL/UcnUc1zcqKAImBDzukY7Y5F/yQiNdko6+fRLevlw1HgMySw7f611UIY408EtxRSoK3Q==
  dependencies:
    js-tokens "^3.0.0 || ^4.0.0"

nanoid@^3.3.4:
  version "3.3.6"
  resolved "https://registry.npmjs.org/nanoid/-/nanoid-3.3.6.tgz"
  integrity sha512-BGcqMMJuToF7i1rt+2PWSNVnWIkGCU78jBG3RxO/bZlnZPK2Cmi2QaffxGO/2RvWi9sL+FAiRiXMgsyxQ1DIDA==

next@13.1.5:
  version "13.1.5"
  resolved "https://registry.npmjs.org/next/-/next-13.1.5.tgz"
  integrity sha512-rmpYZFCxxWAi2nJCT9sSqMLGC3cu+Pf689hx9clcyP0KbVIhh/7Dus5QcKrVd/PrAd6AjsuogSRR1mCP7BoYRw==
  dependencies:
    "@next/env" "13.1.5"
    "@swc/helpers" "0.4.14"
    caniuse-lite "^1.0.30001406"
    postcss "8.4.14"
    styled-jsx "5.1.1"
  optionalDependencies:
    "@next/swc-android-arm-eabi" "13.1.5"
    "@next/swc-android-arm64" "13.1.5"
    "@next/swc-darwin-arm64" "13.1.5"
    "@next/swc-darwin-x64" "13.1.5"
    "@next/swc-freebsd-x64" "13.1.5"
    "@next/swc-linux-arm-gnueabihf" "13.1.5"
    "@next/swc-linux-arm64-gnu" "13.1.5"
    "@next/swc-linux-arm64-musl" "13.1.5"
    "@next/swc-linux-x64-gnu" "13.1.5"
    "@next/swc-linux-x64-musl" "13.1.5"
    "@next/swc-win32-arm64-msvc" "13.1.5"
    "@next/swc-win32-ia32-msvc" "13.1.5"
    "@next/swc-win32-x64-msvc" "13.1.5"

object-assign@^4.1.1:
  version "4.1.1"
  resolved "https://registry.npmjs.org/object-assign/-/object-assign-4.1.1.tgz"
  integrity sha1-IQmtx5ZYh8/AXLvUQsrIv7s2CGM=

picocolors@^1.0.0:
  version "1.0.0"
  resolved "https://registry.npmjs.org/picocolors/-/picocolors-1.0.0.tgz"
  integrity sha512-1fygroTLlHu66zi26VoTDv8yRgm0Fccecssto+MhsZ0D/DGW2sm8E8AjW7NU5VVTRt5GxbeZ5qBuJr+HyLYkjQ==

postcss@8.4.14:
  version "8.4.14"
  resolved "https://registry.npmjs.org/postcss/-/postcss-8.4.14.tgz"
  integrity sha512-E398TUmfAYFPBSdzgeieK2Y1+1cpdxJx8yXbK/m57nRhKSmk1GB2tO4lbLBtlkfPQTDKfe4Xqv1ASWPpayPEig==
  dependencies:
    nanoid "^3.3.4"
    picocolors "^1.0.0"
    source-map-js "^1.0.2"

react-dom@^18.2.0, react-dom@17.0.1:
  version "17.0.1"
  resolved "https://registry.npmjs.org/react-dom/-/react-dom-17.0.1.tgz"
  integrity sha512-6eV150oJZ9U2t9svnsspTMrWNyHc6chX0KzDeAOXftRa8bNeOKTTfCJ7KorIwenkHd2xqVTBTCZd79yk/lx/Ug==
  dependencies:
    loose-envify "^1.1.0"
    object-assign "^4.1.1"
    scheduler "^0.20.1"

react@^18.2.0, "react@>= 16.8.0 || 17.x.x || ^18.0.0-0", react@17.0.1:
  version "17.0.1"
  resolved "https://registry.npmjs.org/react/-/react-17.0.1.tgz"
  integrity sha512-lG9c9UuMHdcAexXtigOZLX8exLWkW0Ku29qPRU8uhF2R9BN96dLCt0psvzPLlHc5OWkgymP3qwTRgbnw5BKx3w==
  dependencies:
    loose-envify "^1.1.0"
    object-assign "^4.1.1"

scheduler@^0.20.1:
  version "0.20.1"
  resolved "https://registry.npmjs.org/scheduler/-/scheduler-0.20.1.tgz"
  integrity sha512-LKTe+2xNJBNxu/QhHvDR14wUXHRQbVY5ZOYpOGWRzhydZUqrLb2JBvLPY7cAqFmqrWuDED0Mjk7013SZiOz6Bw==
  dependencies:
    loose-envify "^1.1.0"
    object-assign "^4.1.1"

source-map-js@^1.0.2:
  version "1.0.2"
  resolved "https://registry.npmjs.org/source-map-js/-/source-map-js-1.0.2.tgz"
  integrity sha512-R0XvVJ9WusLiqTCEiGCmICCMplcCkIwwR11mOSD9CR5u+IXYdiseeEuXCVAjS54zqwkLcPNnmU4OeJ6tUrWhDw==

styled-jsx@5.1.1:
  version "5.1.1"
  resolved "https://registry.npmjs.org/styled-jsx/-/styled-jsx-5.1.1.tgz"
  integrity sha512-pW7uC1l4mBZ8ugbiZrcIsiIvVx1UmTfw7UkC3Um2tmfUq9Bhk8IiyEIPl6F8agHgjzku6j0xQEZbfA5uSgSaCw==
  dependencies:
    client-only "0.0.1"

tslib@^2.4.0:
  version "2.6.2"
  resolved "https://registry.npmjs.org/tslib/-/tslib-2.6.2.tgz"
  integrity sha512-AEYxH93jGFPn/a2iVAwW87VuUIkR1FVUKB77NwMF7nBTDkDrrT/Hpt/IrCJ0QXhW27jTBDcf5ZY7w6RiqTMw2Q==
